
Microsoft Visual Studio Solution File, Format Version 12.00
# Visual Studio Version 17
VisualStudioVersion = 17.0.31903.59
MinimumVisualStudioVersion = 10.0.40219.1
Project("{FAE04EC0-301F-11D3-BF4B-00C04F79EFBC}") = "Khaos.Pipeline.Abstractions", "src\Khaos.Pipeline.Abstractions\Khaos.Pipeline.Abstractions.csproj", "{E1F2A3B4-C5D6-7890-ABCD-EF1234567890}"
EndProject
Project("{FAE04EC0-301F-11D3-BF4B-00C04F79EFBC}") = "Khaos.Pipeline.Abstractions.Tests", "tests\Khaos.Pipeline.Abstractions.Tests\Khaos.Pipeline.Abstractions.Tests.csproj", "{F2A3B4C5-D6E7-8901-BCDE-F12345678901}"
EndProject
Project("{2150E333-8FDC-42A3-9474-1A3956D46DE8}") = "src", "src", "{A3B4C5D6-E7F8-9012-CDEF-123456789012}"
EndProject
Project("{2150E333-8FDC-42A3-9474-1A3956D46DE8}") = "tests", "tests", "{B4C5D6E7-F8A9-0123-DEF0-234567890123}"
EndProject
Global
	GlobalSection(SolutionConfigurationPlatforms) = preSolution
		Debug|Any CPU = Debug|Any CPU
		Release|Any CPU = Release|Any CPU
	EndGlobalSection
	GlobalSection(ProjectConfigurationPlatforms) = postSolution
		{E1F2A3B4-C5D6-7890-ABCD-EF1234567890}.Debug|Any CPU.ActiveCfg = Debug|Any CPU
		{E1F2A3B4-C5D6-7890-ABCD-EF1234567890}.Debug|Any CPU.Build.0 = Debug|Any CPU
		{E1F2A3B4-C5D6-7890-ABCD-EF1234567890}.Release|Any CPU.ActiveCfg = Release|Any CPU
		{E1F2A3B4-C5D6-7890-ABCD-EF1234567890}.Release|Any CPU.Build.0 = Release|Any CPU
		{F2A3B4C5-D6E7-8901-BCDE-F12345678901}.Debug|Any CPU.ActiveCfg = Debug|Any CPU
		{F2A3B4C5-D6E7-8901-BCDE-F12345678901}.Debug|Any CPU.Build.0 = Debug|Any CPU
		{F2A3B4C5-D6E7-8901-BCDE-F12345678901}.Release|Any CPU.ActiveCfg = Release|Any CPU
		{F2A3B4C5-D6E7-8901-BCDE-F12345678901}.Release|Any CPU.Build.0 = Release|Any CPU
	EndGlobalSection
	GlobalSection(NestedProjects) = preSolution
		{E1F2A3B4-C5D6-7890-ABCD-EF1234567890} = {A3B4C5D6-E7F8-9012-CDEF-123456789012}
		{F2A3B4C5-D6E7-8901-BCDE-F12345678901} = {B4C5D6E7-F8A9-0123-DEF0-234567890123}
	EndGlobalSection
EndGlobal
